// !$*UTF8*$!
{
	archiveVersion = 1;
	classes = {
	};
	objectVersion = 50;
	objects = {

/* Begin PBXBuildFile section */
		AE22CFA1260A623700B21C69 /* LCA.swift in Sources */ = {isa = PBXBuildFile; fileRef = AE22CFA0260A623700B21C69 /* LCA.swift */; };
		AE22CFA5260A994F00B21C69 /* BasicGraph.swift in Sources */ = {isa = PBXBuildFile; fileRef = AE22CFA4260A994F00B21C69 /* BasicGraph.swift */; };
		AE22CFAA260ABD9400B21C69 /* cyclicPermutation.swift in Sources */ = {isa = PBXBuildFile; fileRef = AE22CFA9260ABD9400B21C69 /* cyclicPermutation.swift */; };
		AE22CFB4260ABF7600B21C69 /* bipartite.swift in Sources */ = {isa = PBXBuildFile; fileRef = AE22CFAE260ABF7600B21C69 /* bipartite.swift */; };
		AE22CFB5260ABF7600B21C69 /* AdjacencyList.swift in Sources */ = {isa = PBXBuildFile; fileRef = AE22CFAF260ABF7600B21C69 /* AdjacencyList.swift */; };
		AE22CFB6260ABF7600B21C69 /* ConnectedComponents.swift in Sources */ = {isa = PBXBuildFile; fileRef = AE22CFB0260ABF7600B21C69 /* ConnectedComponents.swift */; };
		AE22CFB7260ABF7600B21C69 /* BFS.swift in Sources */ = {isa = PBXBuildFile; fileRef = AE22CFB1260ABF7600B21C69 /* BFS.swift */; };
		AE22CFB8260ABF7600B21C69 /* DFS.swift in Sources */ = {isa = PBXBuildFile; fileRef = AE22CFB2260ABF7600B21C69 /* DFS.swift */; };
		AE22CFB9260ABF7600B21C69 /* AdjacencyMatrix.swift in Sources */ = {isa = PBXBuildFile; fileRef = AE22CFB3260ABF7600B21C69 /* AdjacencyMatrix.swift */; };
		AE41CDEA2603F94E00BF3663 /* IndexPriorityQueue.swift in Sources */ = {isa = PBXBuildFile; fileRef = AE41CDE92603F94E00BF3663 /* IndexPriorityQueue.swift */; };
		AE4B3F62261F8FD8003839FA /* CourseScheduleII.swift in Sources */ = {isa = PBXBuildFile; fileRef = AE4B3F61261F8FD8003839FA /* CourseScheduleII.swift */; };
		AE4B3F66261FACEE003839FA /* UF.swift in Sources */ = {isa = PBXBuildFile; fileRef = AE4B3F65261FACEE003839FA /* UF.swift */; };
		AE4B3F6B262007B9003839FA /* TwoCityScheduling.swift in Sources */ = {isa = PBXBuildFile; fileRef = AE4B3F6A262007B9003839FA /* TwoCityScheduling.swift */; };
		AE4BA9E725F82094000F8948 /* main.swift in Sources */ = {isa = PBXBuildFile; fileRef = AE4BA9E625F82094000F8948 /* main.swift */; };
		AE4BA9F025F82106000F8948 /* Recursion.swift in Sources */ = {isa = PBXBuildFile; fileRef = AE4BA9EF25F82106000F8948 /* Recursion.swift */; };
		AE4BA9F525F86A7D000F8948 /* String+DPStringTool.swift in Sources */ = {isa = PBXBuildFile; fileRef = AE4BA9F425F86A7D000F8948 /* String+DPStringTool.swift */; };
		AE4BA9FB25F87558000F8948 /* Recursion_assignment1_evaluate.swift in Sources */ = {isa = PBXBuildFile; fileRef = AE4BA9FA25F87558000F8948 /* Recursion_assignment1_evaluate.swift */; };
		AE4D5AB8261421280090E7C8 /* Town.swift in Sources */ = {isa = PBXBuildFile; fileRef = AE4D5AB7261421280090E7C8 /* Town.swift */; };
		AE4F002E2622A79700E7D3A2 /* GasStation.swift in Sources */ = {isa = PBXBuildFile; fileRef = AE4F002D2622A79700E7D3A2 /* GasStation.swift */; };
		AE51B6FD260672CB0063F936 /* SubstringAlgorithm.swift in Sources */ = {isa = PBXBuildFile; fileRef = AE51B6FC260672CB0063F936 /* SubstringAlgorithm.swift */; };
		AE5AF7C025F97A220091AD7B /* ExhaustiveSearch.swift in Sources */ = {isa = PBXBuildFile; fileRef = AE5AF7BF25F97A220091AD7B /* ExhaustiveSearch.swift */; };
		AE5C7AB02603C7D500476E62 /* TreeTraversal.swift in Sources */ = {isa = PBXBuildFile; fileRef = AE5C7AAF2603C7D500476E62 /* TreeTraversal.swift */; };
		AE5C7AB72603C84000476E62 /* Bag.swift in Sources */ = {isa = PBXBuildFile; fileRef = AE5C7AB62603C84000476E62 /* Bag.swift */; };
		AE5C7ABA2603C84600476E62 /* Queue.swift in Sources */ = {isa = PBXBuildFile; fileRef = AE5C7AB92603C84600476E62 /* Queue.swift */; };
		AE5C7ABD2603C84C00476E62 /* Stack.swift in Sources */ = {isa = PBXBuildFile; fileRef = AE5C7ABC2603C84C00476E62 /* Stack.swift */; };
		AE60933C25FAC5AB00C2D231 /* Backtracking.swift in Sources */ = {isa = PBXBuildFile; fileRef = AE60933B25FAC5AB00C2D231 /* Backtracking.swift */; };
		AE617054260D6A8C00044F16 /* repeatingSequence.swift in Sources */ = {isa = PBXBuildFile; fileRef = AE617053260D6A8C00044F16 /* repeatingSequence.swift */; };
		AE63F4C726212D1A00F7F1D3 /* UF sol.swift in Sources */ = {isa = PBXBuildFile; fileRef = AE63F4C626212D1A00F7F1D3 /* UF sol.swift */; };
		AE63F4CA262140EE00F7F1D3 /* TaskScheduler.swift in Sources */ = {isa = PBXBuildFile; fileRef = AE63F4C9262140ED00F7F1D3 /* TaskScheduler.swift */; };
		AE85B77E261669CC00B4C1A3 /* TomatoFarm.swift in Sources */ = {isa = PBXBuildFile; fileRef = AE85B77D261669CC00B4C1A3 /* TomatoFarm.swift */; };
		AE85B7822616B57800B4C1A3 /* Bridges.swift in Sources */ = {isa = PBXBuildFile; fileRef = AE85B7812616B57800B4C1A3 /* Bridges.swift */; };
		AE85B7852616C57D00B4C1A3 /* SushiReview2.swift in Sources */ = {isa = PBXBuildFile; fileRef = AE85B7842616C57D00B4C1A3 /* SushiReview2.swift */; };
		AE9CF8D025FEDABF00E675C5 /* Sorting.swift in Sources */ = {isa = PBXBuildFile; fileRef = AE9CF8CE25FEDABF00E675C5 /* Sorting.swift */; };
		AE9CF8D125FEDABF00E675C5 /* Searching.swift in Sources */ = {isa = PBXBuildFile; fileRef = AE9CF8CF25FEDABF00E675C5 /* Searching.swift */; };
		AEB519B325FFF74900532A04 /* Bag_ori.swift in Sources */ = {isa = PBXBuildFile; fileRef = AEB519B225FFF74900532A04 /* Bag_ori.swift */; };
		AEB519B72600117400532A04 /* Bag_lecture.swift in Sources */ = {isa = PBXBuildFile; fileRef = AEB519B62600117400532A04 /* Bag_lecture.swift */; };
		AEB519BA260011D500532A04 /* Queue_.swift in Sources */ = {isa = PBXBuildFile; fileRef = AEB519B9260011D500532A04 /* Queue_.swift */; };
		AEB519BD260011DC00532A04 /* Stack_.swift in Sources */ = {isa = PBXBuildFile; fileRef = AEB519BC260011DC00532A04 /* Stack_.swift */; };
		AEB6AB57261E71B50070E14B /* CourseSchedule.swift in Sources */ = {isa = PBXBuildFile; fileRef = AEB6AB56261E71B50070E14B /* CourseSchedule.swift */; };
		AEB6AB5B261E931C0070E14B /* TopologicalSort.swift in Sources */ = {isa = PBXBuildFile; fileRef = AEB6AB5A261E931C0070E14B /* TopologicalSort.swift */; };
		AEE0BC6E26041C13009CFD5A /* Who'sMyParent.swift in Sources */ = {isa = PBXBuildFile; fileRef = AEE0BC6D26041C13009CFD5A /* Who'sMyParent.swift */; };
/* End PBXBuildFile section */

/* Begin PBXCopyFilesBuildPhase section */
		AE4BA9E125F82094000F8948 /* CopyFiles */ = {
			isa = PBXCopyFilesBuildPhase;
			buildActionMask = 2147483647;
			dstPath = /usr/share/man/man1/;
			dstSubfolderSpec = 0;
			files = (
			);
			runOnlyForDeploymentPostprocessing = 1;
		};
/* End PBXCopyFilesBuildPhase section */

/* Begin PBXFileReference section */
		AE22CFA0260A623700B21C69 /* LCA.swift */ = {isa = PBXFileReference; lastKnownFileType = sourcecode.swift; path = LCA.swift; sourceTree = "<group>"; };
		AE22CFA4260A994F00B21C69 /* BasicGraph.swift */ = {isa = PBXFileReference; lastKnownFileType = sourcecode.swift; path = BasicGraph.swift; sourceTree = "<group>"; };
		AE22CFA9260ABD9400B21C69 /* cyclicPermutation.swift */ = {isa = PBXFileReference; lastKnownFileType = sourcecode.swift; path = cyclicPermutation.swift; sourceTree = "<group>"; };
		AE22CFAE260ABF7600B21C69 /* bipartite.swift */ = {isa = PBXFileReference; fileEncoding = 4; lastKnownFileType = sourcecode.swift; path = bipartite.swift; sourceTree = "<group>"; };
		AE22CFAF260ABF7600B21C69 /* AdjacencyList.swift */ = {isa = PBXFileReference; fileEncoding = 4; lastKnownFileType = sourcecode.swift; path = AdjacencyList.swift; sourceTree = "<group>"; };
		AE22CFB0260ABF7600B21C69 /* ConnectedComponents.swift */ = {isa = PBXFileReference; fileEncoding = 4; lastKnownFileType = sourcecode.swift; path = ConnectedComponents.swift; sourceTree = "<group>"; };
		AE22CFB1260ABF7600B21C69 /* BFS.swift */ = {isa = PBXFileReference; fileEncoding = 4; lastKnownFileType = sourcecode.swift; path = BFS.swift; sourceTree = "<group>"; };
		AE22CFB2260ABF7600B21C69 /* DFS.swift */ = {isa = PBXFileReference; fileEncoding = 4; lastKnownFileType = sourcecode.swift; path = DFS.swift; sourceTree = "<group>"; };
		AE22CFB3260ABF7600B21C69 /* AdjacencyMatrix.swift */ = {isa = PBXFileReference; fileEncoding = 4; lastKnownFileType = sourcecode.swift; path = AdjacencyMatrix.swift; sourceTree = "<group>"; };
		AE22CFBC260ACA6D00B21C69 /* lca200.in */ = {isa = PBXFileReference; lastKnownFileType = text; path = lca200.in; sourceTree = "<group>"; };
		AE22CFBD260ACA6D00B21C69 /* lca50000.out */ = {isa = PBXFileReference; lastKnownFileType = text; path = lca50000.out; sourceTree = "<group>"; };
		AE22CFBE260ACA6D00B21C69 /* lca500.out */ = {isa = PBXFileReference; lastKnownFileType = text; path = lca500.out; sourceTree = "<group>"; };
		AE22CFBF260ACA6D00B21C69 /* lca10000.in */ = {isa = PBXFileReference; lastKnownFileType = text; path = lca10000.in; sourceTree = "<group>"; };
		AE22CFC0260ACA6E00B21C69 /* lca25000.in */ = {isa = PBXFileReference; lastKnownFileType = text; path = lca25000.in; sourceTree = "<group>"; };
		AE22CFC1260ACA6E00B21C69 /* lca300.in */ = {isa = PBXFileReference; lastKnownFileType = text; path = lca300.in; sourceTree = "<group>"; };
		AE22CFC2260ACA6E00B21C69 /* lca400.out */ = {isa = PBXFileReference; lastKnownFileType = text; path = lca400.out; sourceTree = "<group>"; };
		AE22CFC3260ACA6E00B21C69 /* lca2500.out */ = {isa = PBXFileReference; lastKnownFileType = text; path = lca2500.out; sourceTree = "<group>"; };
		AE22CFC4260ACA6E00B21C69 /* lca400.in */ = {isa = PBXFileReference; lastKnownFileType = text; path = lca400.in; sourceTree = "<group>"; };
		AE22CFC5260ACA6E00B21C69 /* lca500.in */ = {isa = PBXFileReference; lastKnownFileType = text; path = lca500.in; sourceTree = "<group>"; };
		AE22CFC6260ACA6E00B21C69 /* lca25000.out */ = {isa = PBXFileReference; lastKnownFileType = text; path = lca25000.out; sourceTree = "<group>"; };
		AE22CFC7260ACA6F00B21C69 /* lca1000.in */ = {isa = PBXFileReference; lastKnownFileType = text; path = lca1000.in; sourceTree = "<group>"; };
		AE22CFC8260ACA6F00B21C69 /* lca50000.in */ = {isa = PBXFileReference; lastKnownFileType = text; path = lca50000.in; sourceTree = "<group>"; };
		AE22CFC9260ACA6F00B21C69 /* lca2500.in */ = {isa = PBXFileReference; lastKnownFileType = text; path = lca2500.in; sourceTree = "<group>"; };
		AE22CFCA260ACA6F00B21C69 /* lca300.out */ = {isa = PBXFileReference; lastKnownFileType = text; path = lca300.out; sourceTree = "<group>"; };
		AE22CFCB260ACA6F00B21C69 /* lca100.in */ = {isa = PBXFileReference; lastKnownFileType = text; path = lca100.in; sourceTree = "<group>"; };
		AE22CFCC260ACA6F00B21C69 /* lca200.out */ = {isa = PBXFileReference; lastKnownFileType = text; path = lca200.out; sourceTree = "<group>"; };
		AE22CFCD260ACA6F00B21C69 /* lca1000.out */ = {isa = PBXFileReference; lastKnownFileType = text; path = lca1000.out; sourceTree = "<group>"; };
		AE22CFCE260ACA6F00B21C69 /* lca100.out */ = {isa = PBXFileReference; lastKnownFileType = text; path = lca100.out; sourceTree = "<group>"; };
		AE22CFCF260ACA7000B21C69 /* lca10000.out */ = {isa = PBXFileReference; lastKnownFileType = text; path = lca10000.out; sourceTree = "<group>"; };
		AE41CDE92603F94E00BF3663 /* IndexPriorityQueue.swift */ = {isa = PBXFileReference; fileEncoding = 4; lastKnownFileType = sourcecode.swift; path = IndexPriorityQueue.swift; sourceTree = "<group>"; };
		AE4B3F61261F8FD8003839FA /* CourseScheduleII.swift */ = {isa = PBXFileReference; lastKnownFileType = sourcecode.swift; path = CourseScheduleII.swift; sourceTree = "<group>"; };
		AE4B3F65261FACEE003839FA /* UF.swift */ = {isa = PBXFileReference; fileEncoding = 4; lastKnownFileType = sourcecode.swift; path = UF.swift; sourceTree = "<group>"; };
		AE4B3F6A262007B9003839FA /* TwoCityScheduling.swift */ = {isa = PBXFileReference; lastKnownFileType = sourcecode.swift; path = TwoCityScheduling.swift; sourceTree = "<group>"; };
		AE4BA9E325F82094000F8948 /* Algorithm&DataStructures */ = {isa = PBXFileReference; explicitFileType = "compiled.mach-o.executable"; includeInIndex = 0; path = "Algorithm&DataStructures"; sourceTree = BUILT_PRODUCTS_DIR; };
		AE4BA9E625F82094000F8948 /* main.swift */ = {isa = PBXFileReference; lastKnownFileType = sourcecode.swift; path = main.swift; sourceTree = "<group>"; };
		AE4BA9EF25F82106000F8948 /* Recursion.swift */ = {isa = PBXFileReference; lastKnownFileType = sourcecode.swift; path = Recursion.swift; sourceTree = "<group>"; };
		AE4BA9F425F86A7D000F8948 /* String+DPStringTool.swift */ = {isa = PBXFileReference; fileEncoding = 4; lastKnownFileType = sourcecode.swift; path = "String+DPStringTool.swift"; sourceTree = "<group>"; };
		AE4BA9F825F86FAF000F8948 /* provinces.txt */ = {isa = PBXFileReference; lastKnownFileType = text; path = provinces.txt; sourceTree = SOURCE_ROOT; };
		AE4BA9FA25F87558000F8948 /* Recursion_assignment1_evaluate.swift */ = {isa = PBXFileReference; lastKnownFileType = sourcecode.swift; path = Recursion_assignment1_evaluate.swift; sourceTree = "<group>"; };
		AE4D5AB7261421280090E7C8 /* Town.swift */ = {isa = PBXFileReference; lastKnownFileType = sourcecode.swift; path = Town.swift; sourceTree = "<group>"; };
		AE4F002D2622A79700E7D3A2 /* GasStation.swift */ = {isa = PBXFileReference; lastKnownFileType = sourcecode.swift; path = GasStation.swift; sourceTree = "<group>"; };
		AE51B6FC260672CB0063F936 /* SubstringAlgorithm.swift */ = {isa = PBXFileReference; lastKnownFileType = sourcecode.swift; path = SubstringAlgorithm.swift; sourceTree = "<group>"; };
		AE5AF7BF25F97A220091AD7B /* ExhaustiveSearch.swift */ = {isa = PBXFileReference; lastKnownFileType = sourcecode.swift; path = ExhaustiveSearch.swift; sourceTree = "<group>"; };
		AE5C7AAF2603C7D500476E62 /* TreeTraversal.swift */ = {isa = PBXFileReference; fileEncoding = 4; lastKnownFileType = sourcecode.swift; name = TreeTraversal.swift; path = ../../../../../Desktop/TreeTraversal.swift; sourceTree = "<group>"; };
		AE5C7AB62603C84000476E62 /* Bag.swift */ = {isa = PBXFileReference; fileEncoding = 4; lastKnownFileType = sourcecode.swift; path = Bag.swift; sourceTree = "<group>"; };
		AE5C7AB92603C84600476E62 /* Queue.swift */ = {isa = PBXFileReference; fileEncoding = 4; lastKnownFileType = sourcecode.swift; path = Queue.swift; sourceTree = "<group>"; };
		AE5C7ABC2603C84C00476E62 /* Stack.swift */ = {isa = PBXFileReference; fileEncoding = 4; lastKnownFileType = sourcecode.swift; path = Stack.swift; sourceTree = "<group>"; };
		AE60933B25FAC5AB00C2D231 /* Backtracking.swift */ = {isa = PBXFileReference; lastKnownFileType = sourcecode.swift; path = Backtracking.swift; sourceTree = "<group>"; };
		AE617053260D6A8C00044F16 /* repeatingSequence.swift */ = {isa = PBXFileReference; lastKnownFileType = sourcecode.swift; path = repeatingSequence.swift; sourceTree = "<group>"; };
		AE63F4C626212D1A00F7F1D3 /* UF sol.swift */ = {isa = PBXFileReference; lastKnownFileType = sourcecode.swift; path = "UF sol.swift"; sourceTree = "<group>"; };
		AE63F4C9262140ED00F7F1D3 /* TaskScheduler.swift */ = {isa = PBXFileReference; lastKnownFileType = sourcecode.swift; path = TaskScheduler.swift; sourceTree = "<group>"; };
		AE85B77D261669CC00B4C1A3 /* TomatoFarm.swift */ = {isa = PBXFileReference; lastKnownFileType = sourcecode.swift; path = TomatoFarm.swift; sourceTree = "<group>"; };
		AE85B7812616B57800B4C1A3 /* Bridges.swift */ = {isa = PBXFileReference; lastKnownFileType = sourcecode.swift; path = Bridges.swift; sourceTree = "<group>"; };
		AE85B7842616C57D00B4C1A3 /* SushiReview2.swift */ = {isa = PBXFileReference; lastKnownFileType = sourcecode.swift; path = SushiReview2.swift; sourceTree = "<group>"; };
		AE9B5F6D2613D83C00564D75 /* sushi.7.in */ = {isa = PBXFileReference; lastKnownFileType = text; path = sushi.7.in; sourceTree = "<group>"; };
		AE9B5F6E2613D83C00564D75 /* sushi.13.in */ = {isa = PBXFileReference; lastKnownFileType = text; path = sushi.13.in; sourceTree = "<group>"; };
		AE9B5F6F2613D83C00564D75 /* sushi.21.out */ = {isa = PBXFileReference; lastKnownFileType = text; path = sushi.21.out; sourceTree = "<group>"; };
		AE9B5F702613D83D00564D75 /* sushi.5.in */ = {isa = PBXFileReference; lastKnownFileType = text; path = sushi.5.in; sourceTree = "<group>"; };
		AE9B5F712613D83D00564D75 /* sushi.14.out */ = {isa = PBXFileReference; lastKnownFileType = text; path = sushi.14.out; sourceTree = "<group>"; };
		AE9B5F722613D83D00564D75 /* sushi.2.out */ = {isa = PBXFileReference; lastKnownFileType = text; path = sushi.2.out; sourceTree = "<group>"; };
		AE9B5F732613D83D00564D75 /* sushi.3.in */ = {isa = PBXFileReference; lastKnownFileType = text; path = sushi.3.in; sourceTree = "<group>"; };
		AE9B5F742613D83D00564D75 /* sushi.15.in */ = {isa = PBXFileReference; lastKnownFileType = text; path = sushi.15.in; sourceTree = "<group>"; };
		AE9B5F752613D83D00564D75 /* sushi.10.out */ = {isa = PBXFileReference; lastKnownFileType = text; path = sushi.10.out; sourceTree = "<group>"; };
		AE9B5F762613D83D00564D75 /* sushi.2.in */ = {isa = PBXFileReference; lastKnownFileType = text; path = sushi.2.in; sourceTree = "<group>"; };
		AE9B5F772613D83D00564D75 /* sushi.20.in */ = {isa = PBXFileReference; lastKnownFileType = text; path = sushi.20.in; sourceTree = "<group>"; };
		AE9B5F782613D83E00564D75 /* sushi.8.in */ = {isa = PBXFileReference; lastKnownFileType = text; path = sushi.8.in; sourceTree = "<group>"; };
		AE9B5F792613D83E00564D75 /* sushi.12.in */ = {isa = PBXFileReference; lastKnownFileType = text; path = sushi.12.in; sourceTree = "<group>"; };
		AE9B5F7A2613D83E00564D75 /* sushi.12.out */ = {isa = PBXFileReference; lastKnownFileType = text; path = sushi.12.out; sourceTree = "<group>"; };
		AE9B5F7B2613D83E00564D75 /* sushi.6.in */ = {isa = PBXFileReference; lastKnownFileType = text; path = sushi.6.in; sourceTree = "<group>"; };
		AE9B5F7C2613D83E00564D75 /* sushi.20.out */ = {isa = PBXFileReference; lastKnownFileType = text; path = sushi.20.out; sourceTree = "<group>"; };
		AE9B5F7D2613D83E00564D75 /* sushisamp.1.out */ = {isa = PBXFileReference; lastKnownFileType = text; path = sushisamp.1.out; sourceTree = "<group>"; };
		AE9B5F7E2613D83F00564D75 /* sushi.25.in */ = {isa = PBXFileReference; lastKnownFileType = text; path = sushi.25.in; sourceTree = "<group>"; };
		AE9B5F7F2613D83F00564D75 /* sushi.18.in */ = {isa = PBXFileReference; lastKnownFileType = text; path = sushi.18.in; sourceTree = "<group>"; };
		AE9B5F802613D83F00564D75 /* sushi.24.in */ = {isa = PBXFileReference; lastKnownFileType = text; path = sushi.24.in; sourceTree = "<group>"; };
		AE9B5F812613D83F00564D75 /* sushi.19.in */ = {isa = PBXFileReference; lastKnownFileType = text; path = sushi.19.in; sourceTree = "<group>"; };
		AE9B5F822613D83F00564D75 /* sushi.11.in */ = {isa = PBXFileReference; lastKnownFileType = text; path = sushi.11.in; sourceTree = "<group>"; };
		AE9B5F832613D83F00564D75 /* sushi.3.out */ = {isa = PBXFileReference; lastKnownFileType = text; path = sushi.3.out; sourceTree = "<group>"; };
		AE9B5F842613D84000564D75 /* sushi.17.out */ = {isa = PBXFileReference; lastKnownFileType = text; path = sushi.17.out; sourceTree = "<group>"; };
		AE9B5F852613D84000564D75 /* sushi.16.in */ = {isa = PBXFileReference; lastKnownFileType = text; path = sushi.16.in; sourceTree = "<group>"; };
		AE9B5F862613D84000564D75 /* sushi.25.out */ = {isa = PBXFileReference; lastKnownFileType = text; path = sushi.25.out; sourceTree = "<group>"; };
		AE9B5F872613D84000564D75 /* sushi.9.in */ = {isa = PBXFileReference; lastKnownFileType = text; path = sushi.9.in; sourceTree = "<group>"; };
		AE9B5F882613D84000564D75 /* sushi.1.out */ = {isa = PBXFileReference; lastKnownFileType = text; path = sushi.1.out; sourceTree = "<group>"; };
		AE9B5F892613D84000564D75 /* sushi.9.out */ = {isa = PBXFileReference; lastKnownFileType = text; path = sushi.9.out; sourceTree = "<group>"; };
		AE9B5F8A2613D84000564D75 /* sushi.19.out */ = {isa = PBXFileReference; lastKnownFileType = text; path = sushi.19.out; sourceTree = "<group>"; };
		AE9B5F8B2613D84100564D75 /* sushi.1.in */ = {isa = PBXFileReference; lastKnownFileType = text; path = sushi.1.in; sourceTree = "<group>"; };
		AE9B5F8C2613D84100564D75 /* sushi.22.out */ = {isa = PBXFileReference; lastKnownFileType = text; path = sushi.22.out; sourceTree = "<group>"; };
		AE9B5F8D2613D84100564D75 /* sushi.5.out */ = {isa = PBXFileReference; lastKnownFileType = text; path = sushi.5.out; sourceTree = "<group>"; };
		AE9B5F8E2613D84100564D75 /* sushisamp.2.in */ = {isa = PBXFileReference; lastKnownFileType = text; path = sushisamp.2.in; sourceTree = "<group>"; };
		AE9B5F8F2613D84100564D75 /* sushi.15.out */ = {isa = PBXFileReference; lastKnownFileType = text; path = sushi.15.out; sourceTree = "<group>"; };
		AE9B5F902613D84100564D75 /* sushi.18.out */ = {isa = PBXFileReference; lastKnownFileType = text; path = sushi.18.out; sourceTree = "<group>"; };
		AE9B5F912613D84200564D75 /* sushi.17.in */ = {isa = PBXFileReference; lastKnownFileType = text; path = sushi.17.in; sourceTree = "<group>"; };
		AE9B5F922613D84200564D75 /* sushi.21.in */ = {isa = PBXFileReference; lastKnownFileType = text; path = sushi.21.in; sourceTree = "<group>"; };
		AE9B5F932613D84200564D75 /* sushi.11.out */ = {isa = PBXFileReference; lastKnownFileType = text; path = sushi.11.out; sourceTree = "<group>"; };
		AE9B5F942613D84200564D75 /* sushi.8.out */ = {isa = PBXFileReference; lastKnownFileType = text; path = sushi.8.out; sourceTree = "<group>"; };
		AE9B5F952613D84200564D75 /* sushi.14.in */ = {isa = PBXFileReference; lastKnownFileType = text; path = sushi.14.in; sourceTree = "<group>"; };
		AE9B5F962613D84200564D75 /* sushi.22.in */ = {isa = PBXFileReference; lastKnownFileType = text; path = sushi.22.in; sourceTree = "<group>"; };
		AE9B5F972613D84200564D75 /* sushi.4.out */ = {isa = PBXFileReference; lastKnownFileType = text; path = sushi.4.out; sourceTree = "<group>"; };
		AE9B5F982613D84300564D75 /* sushi.13.out */ = {isa = PBXFileReference; lastKnownFileType = text; path = sushi.13.out; sourceTree = "<group>"; };
		AE9B5F992613D84300564D75 /* sushi.23.out */ = {isa = PBXFileReference; lastKnownFileType = text; path = sushi.23.out; sourceTree = "<group>"; };
		AE9B5F9A2613D84300564D75 /* sushi.24.out */ = {isa = PBXFileReference; lastKnownFileType = text; path = sushi.24.out; sourceTree = "<group>"; };
		AE9B5F9B2613D84300564D75 /* sushi.4.in */ = {isa = PBXFileReference; lastKnownFileType = text; path = sushi.4.in; sourceTree = "<group>"; };
		AE9B5F9C2613D84300564D75 /* sushisamp.1.in */ = {isa = PBXFileReference; lastKnownFileType = text; path = sushisamp.1.in; sourceTree = "<group>"; };
		AE9B5F9D2613D84300564D75 /* sushi.23.in */ = {isa = PBXFileReference; lastKnownFileType = text; path = sushi.23.in; sourceTree = "<group>"; };
		AE9B5F9E2613D84300564D75 /* sushi.10.in */ = {isa = PBXFileReference; lastKnownFileType = text; path = sushi.10.in; sourceTree = "<group>"; };
		AE9B5F9F2613D84300564D75 /* sushi.6.out */ = {isa = PBXFileReference; lastKnownFileType = text; path = sushi.6.out; sourceTree = "<group>"; };
		AE9B5FA02613D84400564D75 /* sushi.7.out */ = {isa = PBXFileReference; lastKnownFileType = text; path = sushi.7.out; sourceTree = "<group>"; };
		AE9B5FA12613D84400564D75 /* sushi.16.out */ = {isa = PBXFileReference; lastKnownFileType = text; path = sushi.16.out; sourceTree = "<group>"; };
		AE9B5FA22613D84400564D75 /* sushisamp.2.out */ = {isa = PBXFileReference; lastKnownFileType = text; path = sushisamp.2.out; sourceTree = "<group>"; };
		AE9CF8CE25FEDABF00E675C5 /* Sorting.swift */ = {isa = PBXFileReference; fileEncoding = 4; lastKnownFileType = sourcecode.swift; path = Sorting.swift; sourceTree = "<group>"; };
		AE9CF8CF25FEDABF00E675C5 /* Searching.swift */ = {isa = PBXFileReference; fileEncoding = 4; lastKnownFileType = sourcecode.swift; path = Searching.swift; sourceTree = "<group>"; };
		AEB519B225FFF74900532A04 /* Bag_ori.swift */ = {isa = PBXFileReference; lastKnownFileType = sourcecode.swift; path = Bag_ori.swift; sourceTree = "<group>"; };
		AEB519B62600117400532A04 /* Bag_lecture.swift */ = {isa = PBXFileReference; lastKnownFileType = sourcecode.swift; path = Bag_lecture.swift; sourceTree = "<group>"; };
		AEB519B9260011D500532A04 /* Queue_.swift */ = {isa = PBXFileReference; lastKnownFileType = sourcecode.swift; path = Queue_.swift; sourceTree = "<group>"; };
		AEB519BC260011DC00532A04 /* Stack_.swift */ = {isa = PBXFileReference; lastKnownFileType = sourcecode.swift; path = Stack_.swift; sourceTree = "<group>"; };
		AEB6AB56261E71B50070E14B /* CourseSchedule.swift */ = {isa = PBXFileReference; lastKnownFileType = sourcecode.swift; path = CourseSchedule.swift; sourceTree = "<group>"; };
		AEB6AB5A261E931C0070E14B /* TopologicalSort.swift */ = {isa = PBXFileReference; lastKnownFileType = sourcecode.swift; path = TopologicalSort.swift; sourceTree = "<group>"; };
		AEE0BC6D26041C13009CFD5A /* Who'sMyParent.swift */ = {isa = PBXFileReference; lastKnownFileType = sourcecode.swift; path = "Who'sMyParent.swift"; sourceTree = "<group>"; };
/* End PBXFileReference section */

/* Begin PBXFrameworksBuildPhase section */
		AE4BA9E025F82094000F8948 /* Frameworks */ = {
			isa = PBXFrameworksBuildPhase;
			buildActionMask = 2147483647;
			files = (
			);
			runOnlyForDeploymentPostprocessing = 0;
		};
/* End PBXFrameworksBuildPhase section */

/* Begin PBXGroup section */
		AE139BEE26029B3B0044822A /* Trees */ = {
			isa = PBXGroup;
			children = (
				AE5C7AAF2603C7D500476E62 /* TreeTraversal.swift */,
			);
			path = Trees;
			sourceTree = "<group>";
		};
		AE22CF9F260A622600B21C69 /* LCA */ = {
			isa = PBXGroup;
			children = (
				AE22CFA0260A623700B21C69 /* LCA.swift */,
			);
			path = LCA;
			sourceTree = "<group>";
		};
		AE22CFA7260ABD6100B21C69 /* Algorithm Presentation */ = {
			isa = PBXGroup;
			children = (
				AE51B6FC260672CB0063F936 /* SubstringAlgorithm.swift */,
			);
			path = "Algorithm Presentation";
			sourceTree = "<group>";
		};
		AE22CFA8260ABD7800B21C69 /* ProblemSet2＿Graph */ = {
			isa = PBXGroup;
			children = (
				AE22CFA9260ABD9400B21C69 /* cyclicPermutation.swift */,
				AE617053260D6A8C00044F16 /* repeatingSequence.swift */,
			);
			path = "ProblemSet2＿Graph";
			sourceTree = "<group>";
		};
		AE22CFAD260ABF6600B21C69 /* Examples */ = {
			isa = PBXGroup;
			children = (
				AE22CFAF260ABF7600B21C69 /* AdjacencyList.swift */,
				AE22CFB3260ABF7600B21C69 /* AdjacencyMatrix.swift */,
				AE22CFB1260ABF7600B21C69 /* BFS.swift */,
				AE22CFAE260ABF7600B21C69 /* bipartite.swift */,
				AE22CFB0260ABF7600B21C69 /* ConnectedComponents.swift */,
				AE22CFB2260ABF7600B21C69 /* DFS.swift */,
			);
			path = Examples;
			sourceTree = "<group>";
		};
		AE22CFBB260ACA5300B21C69 /* LCATestCases */ = {
			isa = PBXGroup;
			children = (
				AE22CFCB260ACA6F00B21C69 /* lca100.in */,
				AE22CFCE260ACA6F00B21C69 /* lca100.out */,
				AE22CFBC260ACA6D00B21C69 /* lca200.in */,
				AE22CFCC260ACA6F00B21C69 /* lca200.out */,
				AE22CFC1260ACA6E00B21C69 /* lca300.in */,
				AE22CFCA260ACA6F00B21C69 /* lca300.out */,
				AE22CFC4260ACA6E00B21C69 /* lca400.in */,
				AE22CFC2260ACA6E00B21C69 /* lca400.out */,
				AE22CFC5260ACA6E00B21C69 /* lca500.in */,
				AE22CFBE260ACA6D00B21C69 /* lca500.out */,
				AE22CFC7260ACA6F00B21C69 /* lca1000.in */,
				AE22CFCD260ACA6F00B21C69 /* lca1000.out */,
				AE22CFC9260ACA6F00B21C69 /* lca2500.in */,
				AE22CFC3260ACA6E00B21C69 /* lca2500.out */,
				AE22CFBF260ACA6D00B21C69 /* lca10000.in */,
				AE22CFCF260ACA7000B21C69 /* lca10000.out */,
				AE22CFC0260ACA6E00B21C69 /* lca25000.in */,
				AE22CFC6260ACA6E00B21C69 /* lca25000.out */,
				AE22CFC8260ACA6F00B21C69 /* lca50000.in */,
				AE22CFBD260ACA6D00B21C69 /* lca50000.out */,
			);
			path = LCATestCases;
			sourceTree = "<group>";
		};
		AE41CDE82603F94100BF3663 /* DataStrcture2 */ = {
			isa = PBXGroup;
			children = (
				AE41CDE92603F94E00BF3663 /* IndexPriorityQueue.swift */,
				AE22CFA4260A994F00B21C69 /* BasicGraph.swift */,
			);
			path = DataStrcture2;
			sourceTree = "<group>";
		};
		AE4B3F64261FACE3003839FA /* UnionFind */ = {
			isa = PBXGroup;
			children = (
				AE4B3F65261FACEE003839FA /* UF.swift */,
				AE63F4C626212D1A00F7F1D3 /* UF sol.swift */,
			);
			path = UnionFind;
			sourceTree = "<group>";
		};
		AE4B3F68261FEAA0003839FA /* Greedy Algorithm */ = {
			isa = PBXGroup;
			children = (
				AE4B3F6A262007B9003839FA /* TwoCityScheduling.swift */,
				AE63F4C9262140ED00F7F1D3 /* TaskScheduler.swift */,
				AE4F002D2622A79700E7D3A2 /* GasStation.swift */,
			);
			path = "Greedy Algorithm";
			sourceTree = "<group>";
		};
		AE4BA9DA25F82094000F8948 = {
			isa = PBXGroup;
			children = (
				AE4BA9F325F86A62000F8948 /* Utils */,
				AE4BA9E525F82094000F8948 /* Algorithm&DataStructures */,
				AE4BA9E425F82094000F8948 /* Products */,
			);
			sourceTree = "<group>";
		};
		AE4BA9E425F82094000F8948 /* Products */ = {
			isa = PBXGroup;
			children = (
				AE4BA9E325F82094000F8948 /* Algorithm&DataStructures */,
			);
			name = Products;
			sourceTree = "<group>";
		};
		AE4BA9E525F82094000F8948 /* Algorithm&DataStructures */ = {
			isa = PBXGroup;
			children = (
				AEE0BC6B26041BD8009CFD5A /* Assignment */,
				AE4D5AB5261420F50090E7C8 /* Graph */,
				AE41CDE82603F94100BF3663 /* DataStrcture2 */,
				AE139BEE26029B3B0044822A /* Trees */,
				AE55F1FA25FC0EBF009E6D06 /* SearchingSorting */,
				AE4BA9EE25F820F2000F8948 /* Recursion */,
				AE4BA9E625F82094000F8948 /* main.swift */,
				AEB519B52600115600532A04 /* BagStackQueue */,
			);
			path = "Algorithm&DataStructures";
			sourceTree = "<group>";
		};
		AE4BA9EE25F820F2000F8948 /* Recursion */ = {
			isa = PBXGroup;
			children = (
				AE4BA9F825F86FAF000F8948 /* provinces.txt */,
				AE4BA9EF25F82106000F8948 /* Recursion.swift */,
				AE4BA9FA25F87558000F8948 /* Recursion_assignment1_evaluate.swift */,
				AE5AF7BF25F97A220091AD7B /* ExhaustiveSearch.swift */,
				AE60933B25FAC5AB00C2D231 /* Backtracking.swift */,
			);
			path = Recursion;
			sourceTree = "<group>";
		};
		AE4BA9F325F86A62000F8948 /* Utils */ = {
			isa = PBXGroup;
			children = (
				AE4BA9F425F86A7D000F8948 /* String+DPStringTool.swift */,
			);
			path = Utils;
			sourceTree = "<group>";
		};
		AE4D5AB5261420F50090E7C8 /* Graph */ = {
			isa = PBXGroup;
			children = (
				AE22CFAD260ABF6600B21C69 /* Examples */,
				AEB6AB59261E92C50070E14B /* TopologicalSort */,
				AE4D5AB6261420FE0090E7C8 /* FloodFill */,
			);
			path = Graph;
			sourceTree = "<group>";
		};
		AE4D5AB6261420FE0090E7C8 /* FloodFill */ = {
			isa = PBXGroup;
			children = (
				AE4D5AB7261421280090E7C8 /* Town.swift */,
			);
			path = FloodFill;
			sourceTree = "<group>";
		};
		AE55F1FA25FC0EBF009E6D06 /* SearchingSorting */ = {
			isa = PBXGroup;
			children = (
				AE9CF8CF25FEDABF00E675C5 /* Searching.swift */,
				AE9CF8CE25FEDABF00E675C5 /* Sorting.swift */,
			);
			path = SearchingSorting;
			sourceTree = "<group>";
		};
		AE5C7AB22603C7E400476E62 /* BagStackQueue */ = {
			isa = PBXGroup;
			children = (
				AE5C7AB62603C84000476E62 /* Bag.swift */,
				AE5C7AB92603C84600476E62 /* Queue.swift */,
				AE5C7ABC2603C84C00476E62 /* Stack.swift */,
			);
			path = BagStackQueue;
			sourceTree = "<group>";
		};
		AE9B5F6C2613D82000564D75 /* TestCases */ = {
			isa = PBXGroup;
			children = (
				AE9B5F8B2613D84100564D75 /* sushi.1.in */,
				AE9B5F882613D84000564D75 /* sushi.1.out */,
				AE9B5F762613D83D00564D75 /* sushi.2.in */,
				AE9B5F722613D83D00564D75 /* sushi.2.out */,
				AE9B5F732613D83D00564D75 /* sushi.3.in */,
				AE9B5F832613D83F00564D75 /* sushi.3.out */,
				AE9B5F9B2613D84300564D75 /* sushi.4.in */,
				AE9B5F972613D84200564D75 /* sushi.4.out */,
				AE9B5F702613D83D00564D75 /* sushi.5.in */,
				AE9B5F8D2613D84100564D75 /* sushi.5.out */,
				AE9B5F7B2613D83E00564D75 /* sushi.6.in */,
				AE9B5F9F2613D84300564D75 /* sushi.6.out */,
				AE9B5F6D2613D83C00564D75 /* sushi.7.in */,
				AE9B5FA02613D84400564D75 /* sushi.7.out */,
				AE9B5F782613D83E00564D75 /* sushi.8.in */,
				AE9B5F942613D84200564D75 /* sushi.8.out */,
				AE9B5F872613D84000564D75 /* sushi.9.in */,
				AE9B5F892613D84000564D75 /* sushi.9.out */,
				AE9B5F9E2613D84300564D75 /* sushi.10.in */,
				AE9B5F752613D83D00564D75 /* sushi.10.out */,
				AE9B5F822613D83F00564D75 /* sushi.11.in */,
				AE9B5F932613D84200564D75 /* sushi.11.out */,
				AE9B5F792613D83E00564D75 /* sushi.12.in */,
				AE9B5F7A2613D83E00564D75 /* sushi.12.out */,
				AE9B5F6E2613D83C00564D75 /* sushi.13.in */,
				AE9B5F982613D84300564D75 /* sushi.13.out */,
				AE9B5F952613D84200564D75 /* sushi.14.in */,
				AE9B5F712613D83D00564D75 /* sushi.14.out */,
				AE9B5F742613D83D00564D75 /* sushi.15.in */,
				AE9B5F8F2613D84100564D75 /* sushi.15.out */,
				AE9B5F852613D84000564D75 /* sushi.16.in */,
				AE9B5FA12613D84400564D75 /* sushi.16.out */,
				AE9B5F912613D84200564D75 /* sushi.17.in */,
				AE9B5F842613D84000564D75 /* sushi.17.out */,
				AE9B5F7F2613D83F00564D75 /* sushi.18.in */,
				AE9B5F902613D84100564D75 /* sushi.18.out */,
				AE9B5F812613D83F00564D75 /* sushi.19.in */,
				AE9B5F8A2613D84000564D75 /* sushi.19.out */,
				AE9B5F772613D83D00564D75 /* sushi.20.in */,
				AE9B5F7C2613D83E00564D75 /* sushi.20.out */,
				AE9B5F922613D84200564D75 /* sushi.21.in */,
				AE9B5F6F2613D83C00564D75 /* sushi.21.out */,
				AE9B5F962613D84200564D75 /* sushi.22.in */,
				AE9B5F8C2613D84100564D75 /* sushi.22.out */,
				AE9B5F9D2613D84300564D75 /* sushi.23.in */,
				AE9B5F992613D84300564D75 /* sushi.23.out */,
				AE9B5F802613D83F00564D75 /* sushi.24.in */,
				AE9B5F9A2613D84300564D75 /* sushi.24.out */,
				AE9B5F7E2613D83F00564D75 /* sushi.25.in */,
				AE9B5F862613D84000564D75 /* sushi.25.out */,
				AE9B5F9C2613D84300564D75 /* sushisamp.1.in */,
				AE9B5F7D2613D83E00564D75 /* sushisamp.1.out */,
				AE9B5F8E2613D84100564D75 /* sushisamp.2.in */,
				AE9B5FA22613D84400564D75 /* sushisamp.2.out */,
			);
			path = TestCases;
			sourceTree = "<group>";
		};
		AEB519B52600115600532A04 /* BagStackQueue */ = {
			isa = PBXGroup;
			children = (
				AE5C7AB22603C7E400476E62 /* BagStackQueue */,
				AEB519B225FFF74900532A04 /* Bag_ori.swift */,
				AEB519B62600117400532A04 /* Bag_lecture.swift */,
				AEB519B9260011D500532A04 /* Queue_.swift */,
				AEB519BC260011DC00532A04 /* Stack_.swift */,
			);
			path = BagStackQueue;
			sourceTree = "<group>";
		};
		AEB6AB55261E71880070E14B /* DAG TopologicalSort */ = {
			isa = PBXGroup;
			children = (
				AEB6AB56261E71B50070E14B /* CourseSchedule.swift */,
				AE4B3F61261F8FD8003839FA /* CourseScheduleII.swift */,
			);
			path = "DAG TopologicalSort";
			sourceTree = "<group>";
		};
		AEB6AB59261E92C50070E14B /* TopologicalSort */ = {
			isa = PBXGroup;
			children = (
				AEB6AB5A261E931C0070E14B /* TopologicalSort.swift */,
			);
			path = TopologicalSort;
			sourceTree = "<group>";
		};
		AEBFF62B261D2A0F00336538 /* ProblemSet3 FloodFill */ = {
			isa = PBXGroup;
			children = (
				AE85B7812616B57800B4C1A3 /* Bridges.swift */,
				AE85B77D261669CC00B4C1A3 /* TomatoFarm.swift */,
			);
			path = "ProblemSet3 FloodFill";
			sourceTree = "<group>";
		};
		AEE0BC6B26041BD8009CFD5A /* Assignment */ = {
			isa = PBXGroup;
			children = (
				AE4B3F68261FEAA0003839FA /* Greedy Algorithm */,
				AE4B3F64261FACE3003839FA /* UnionFind */,
				AEB6AB55261E71880070E14B /* DAG TopologicalSort */,
				AEBFF62B261D2A0F00336538 /* ProblemSet3 FloodFill */,
				AEF751BE260E5E0000386123 /* GraphTreeAssignmentII */,
				AE22CFBB260ACA5300B21C69 /* LCATestCases */,
				AE22CFA8260ABD7800B21C69 /* ProblemSet2＿Graph */,
				AE22CF9F260A622600B21C69 /* LCA */,
				AEE0BC6C26041BE3009CFD5A /* ProblemSet4_TreeBasics */,
				AE22CFA7260ABD6100B21C69 /* Algorithm Presentation */,
			);
			path = Assignment;
			sourceTree = "<group>";
		};
		AEE0BC6C26041BE3009CFD5A /* ProblemSet4_TreeBasics */ = {
			isa = PBXGroup;
			children = (
				AEE0BC6D26041C13009CFD5A /* Who'sMyParent.swift */,
			);
			path = ProblemSet4_TreeBasics;
			sourceTree = "<group>";
		};
		AEF751BE260E5E0000386123 /* GraphTreeAssignmentII */ = {
			isa = PBXGroup;
			children = (
				AE9B5F6C2613D82000564D75 /* TestCases */,
				AE85B7842616C57D00B4C1A3 /* SushiReview2.swift */,
			);
			path = GraphTreeAssignmentII;
			sourceTree = "<group>";
		};
/* End PBXGroup section */

/* Begin PBXNativeTarget section */
		AE4BA9E225F82094000F8948 /* Algorithm&DataStructures */ = {
			isa = PBXNativeTarget;
			buildConfigurationList = AE4BA9EA25F82094000F8948 /* Build configuration list for PBXNativeTarget "Algorithm&DataStructures" */;
			buildPhases = (
				AE4BA9DF25F82094000F8948 /* Sources */,
				AE4BA9E025F82094000F8948 /* Frameworks */,
				AE4BA9E125F82094000F8948 /* CopyFiles */,
			);
			buildRules = (
			);
			dependencies = (
			);
			name = "Algorithm&DataStructures";
			productName = "Algorithm&DataStructures";
			productReference = AE4BA9E325F82094000F8948 /* Algorithm&DataStructures */;
			productType = "com.apple.product-type.tool";
		};
/* End PBXNativeTarget section */

/* Begin PBXProject section */
		AE4BA9DB25F82094000F8948 /* Project object */ = {
			isa = PBXProject;
			attributes = {
				LastSwiftUpdateCheck = 1240;
				LastUpgradeCheck = 1240;
				TargetAttributes = {
					AE4BA9E225F82094000F8948 = {
						CreatedOnToolsVersion = 12.4;
					};
				};
			};
			buildConfigurationList = AE4BA9DE25F82094000F8948 /* Build configuration list for PBXProject "Algorithm&DataStructures" */;
			compatibilityVersion = "Xcode 9.3";
			developmentRegion = en;
			hasScannedForEncodings = 0;
			knownRegions = (
				en,
				Base,
			);
			mainGroup = AE4BA9DA25F82094000F8948;
			productRefGroup = AE4BA9E425F82094000F8948 /* Products */;
			projectDirPath = "";
			projectRoot = "";
			targets = (
				AE4BA9E225F82094000F8948 /* Algorithm&DataStructures */,
			);
		};
/* End PBXProject section */

/* Begin PBXSourcesBuildPhase section */
		AE4BA9DF25F82094000F8948 /* Sources */ = {
			isa = PBXSourcesBuildPhase;
			buildActionMask = 2147483647;
			files = (
				AE22CFAA260ABD9400B21C69 /* cyclicPermutation.swift in Sources */,
				AE4BA9FB25F87558000F8948 /* Recursion_assignment1_evaluate.swift in Sources */,
				AE60933C25FAC5AB00C2D231 /* Backtracking.swift in Sources */,
				AE4F002E2622A79700E7D3A2 /* GasStation.swift in Sources */,
				AE22CFB8260ABF7600B21C69 /* DFS.swift in Sources */,
				AE22CFB4260ABF7600B21C69 /* bipartite.swift in Sources */,
				AE4BA9F525F86A7D000F8948 /* String+DPStringTool.swift in Sources */,
				AE5C7ABD2603C84C00476E62 /* Stack.swift in Sources */,
				AEB6AB5B261E931C0070E14B /* TopologicalSort.swift in Sources */,
				AE63F4CA262140EE00F7F1D3 /* TaskScheduler.swift in Sources */,
				AE22CFA1260A623700B21C69 /* LCA.swift in Sources */,
				AE22CFB7260ABF7600B21C69 /* BFS.swift in Sources */,
				AEB519BA260011D500532A04 /* Queue_.swift in Sources */,
				AE4B3F6B262007B9003839FA /* TwoCityScheduling.swift in Sources */,
				AE85B7822616B57800B4C1A3 /* Bridges.swift in Sources */,
				AEB519BD260011DC00532A04 /* Stack_.swift in Sources */,
				AE4BA9F025F82106000F8948 /* Recursion.swift in Sources */,
				AE9CF8D025FEDABF00E675C5 /* Sorting.swift in Sources */,
				AE63F4C726212D1A00F7F1D3 /* UF sol.swift in Sources */,
				AE4D5AB8261421280090E7C8 /* Town.swift in Sources */,
				AE5AF7C025F97A220091AD7B /* ExhaustiveSearch.swift in Sources */,
				AE22CFB5260ABF7600B21C69 /* AdjacencyList.swift in Sources */,
				AE85B7852616C57D00B4C1A3 /* SushiReview2.swift in Sources */,
				AE5C7AB02603C7D500476E62 /* TreeTraversal.swift in Sources */,
				AE9CF8D125FEDABF00E675C5 /* Searching.swift in Sources */,
				AE4B3F66261FACEE003839FA /* UF.swift in Sources */,
				AE4B3F62261F8FD8003839FA /* CourseScheduleII.swift in Sources */,
				AEE0BC6E26041C13009CFD5A /* Who'sMyParent.swift in Sources */,
				AE22CFA5260A994F00B21C69 /* BasicGraph.swift in Sources */,
				AE5C7AB72603C84000476E62 /* Bag.swift in Sources */,
				AE22CFB6260ABF7600B21C69 /* ConnectedComponents.swift in Sources */,
				AE41CDEA2603F94E00BF3663 /* IndexPriorityQueue.swift in Sources */,
				AE5C7ABA2603C84600476E62 /* Queue.swift in Sources */,
				AE85B77E261669CC00B4C1A3 /* TomatoFarm.swift in Sources */,
				AE22CFB9260ABF7600B21C69 /* AdjacencyMatrix.swift in Sources */,
				AE617054260D6A8C00044F16 /* repeatingSequence.swift in Sources */,
				AEB519B325FFF74900532A04 /* Bag_ori.swift in Sources */,
				AE4BA9E725F82094000F8948 /* main.swift in Sources */,
				AEB519B72600117400532A04 /* Bag_lecture.swift in Sources */,
				AE51B6FD260672CB0063F936 /* SubstringAlgorithm.swift in Sources */,
				AEB6AB57261E71B50070E14B /* CourseSchedule.swift in Sources */,
			);
			runOnlyForDeploymentPostprocessing = 0;
		};
/* End PBXSourcesBuildPhase section */

/* Begin XCBuildConfiguration section */
		AE4BA9E825F82094000F8948 /* Debug */ = {
			isa = XCBuildConfiguration;
			buildSettings = {
				ALWAYS_SEARCH_USER_PATHS = NO;
				CLANG_ANALYZER_NONNULL = YES;
				CLANG_ANALYZER_NUMBER_OBJECT_CONVERSION = YES_AGGRESSIVE;
				CLANG_CXX_LANGUAGE_STANDARD = "gnu++14";
				CLANG_CXX_LIBRARY = "libc++";
				CLANG_ENABLE_MODULES = YES;
				CLANG_ENABLE_OBJC_ARC = YES;
				CLANG_ENABLE_OBJC_WEAK = YES;
				CLANG_WARN_BLOCK_CAPTURE_AUTORELEASING = YES;
				CLANG_WARN_BOOL_CONVERSION = YES;
				CLANG_WARN_COMMA = YES;
				CLANG_WARN_CONSTANT_CONVERSION = YES;
				CLANG_WARN_DEPRECATED_OBJC_IMPLEMENTATIONS = YES;
				CLANG_WARN_DIRECT_OBJC_ISA_USAGE = YES_ERROR;
				CLANG_WARN_DOCUMENTATION_COMMENTS = YES;
				CLANG_WARN_EMPTY_BODY = YES;
				CLANG_WARN_ENUM_CONVERSION = YES;
				CLANG_WARN_INFINITE_RECURSION = YES;
				CLANG_WARN_INT_CONVERSION = YES;
				CLANG_WARN_NON_LITERAL_NULL_CONVERSION = YES;
				CLANG_WARN_OBJC_IMPLICIT_RETAIN_SELF = YES;
				CLANG_WARN_OBJC_LITERAL_CONVERSION = YES;
				CLANG_WARN_OBJC_ROOT_CLASS = YES_ERROR;
				CLANG_WARN_QUOTED_INCLUDE_IN_FRAMEWORK_HEADER = YES;
				CLANG_WARN_RANGE_LOOP_ANALYSIS = YES;
				CLANG_WARN_STRICT_PROTOTYPES = YES;
				CLANG_WARN_SUSPICIOUS_MOVE = YES;
				CLANG_WARN_UNGUARDED_AVAILABILITY = YES_AGGRESSIVE;
				CLANG_WARN_UNREACHABLE_CODE = YES;
				CLANG_WARN__DUPLICATE_METHOD_MATCH = YES;
				COPY_PHASE_STRIP = NO;
				DEBUG_INFORMATION_FORMAT = dwarf;
				ENABLE_STRICT_OBJC_MSGSEND = YES;
				ENABLE_TESTABILITY = YES;
				GCC_C_LANGUAGE_STANDARD = gnu11;
				GCC_DYNAMIC_NO_PIC = NO;
				GCC_NO_COMMON_BLOCKS = YES;
				GCC_OPTIMIZATION_LEVEL = 0;
				GCC_PREPROCESSOR_DEFINITIONS = (
					"DEBUG=1",
					"$(inherited)",
				);
				GCC_WARN_64_TO_32_BIT_CONVERSION = YES;
				GCC_WARN_ABOUT_RETURN_TYPE = YES_ERROR;
				GCC_WARN_UNDECLARED_SELECTOR = YES;
				GCC_WARN_UNINITIALIZED_AUTOS = YES_AGGRESSIVE;
				GCC_WARN_UNUSED_FUNCTION = YES;
				GCC_WARN_UNUSED_VARIABLE = YES;
				MACOSX_DEPLOYMENT_TARGET = 11.1;
				MTL_ENABLE_DEBUG_INFO = INCLUDE_SOURCE;
				MTL_FAST_MATH = YES;
				ONLY_ACTIVE_ARCH = YES;
				SDKROOT = macosx;
				SWIFT_ACTIVE_COMPILATION_CONDITIONS = DEBUG;
				SWIFT_OPTIMIZATION_LEVEL = "-Onone";
			};
			name = Debug;
		};
		AE4BA9E925F82094000F8948 /* Release */ = {
			isa = XCBuildConfiguration;
			buildSettings = {
				ALWAYS_SEARCH_USER_PATHS = NO;
				CLANG_ANALYZER_NONNULL = YES;
				CLANG_ANALYZER_NUMBER_OBJECT_CONVERSION = YES_AGGRESSIVE;
				CLANG_CXX_LANGUAGE_STANDARD = "gnu++14";
				CLANG_CXX_LIBRARY = "libc++";
				CLANG_ENABLE_MODULES = YES;
				CLANG_ENABLE_OBJC_ARC = YES;
				CLANG_ENABLE_OBJC_WEAK = YES;
				CLANG_WARN_BLOCK_CAPTURE_AUTORELEASING = YES;
				CLANG_WARN_BOOL_CONVERSION = YES;
				CLANG_WARN_COMMA = YES;
				CLANG_WARN_CONSTANT_CONVERSION = YES;
				CLANG_WARN_DEPRECATED_OBJC_IMPLEMENTATIONS = YES;
				CLANG_WARN_DIRECT_OBJC_ISA_USAGE = YES_ERROR;
				CLANG_WARN_DOCUMENTATION_COMMENTS = YES;
				CLANG_WARN_EMPTY_BODY = YES;
				CLANG_WARN_ENUM_CONVERSION = YES;
				CLANG_WARN_INFINITE_RECURSION = YES;
				CLANG_WARN_INT_CONVERSION = YES;
				CLANG_WARN_NON_LITERAL_NULL_CONVERSION = YES;
				CLANG_WARN_OBJC_IMPLICIT_RETAIN_SELF = YES;
				CLANG_WARN_OBJC_LITERAL_CONVERSION = YES;
				CLANG_WARN_OBJC_ROOT_CLASS = YES_ERROR;
				CLANG_WARN_QUOTED_INCLUDE_IN_FRAMEWORK_HEADER = YES;
				CLANG_WARN_RANGE_LOOP_ANALYSIS = YES;
				CLANG_WARN_STRICT_PROTOTYPES = YES;
				CLANG_WARN_SUSPICIOUS_MOVE = YES;
				CLANG_WARN_UNGUARDED_AVAILABILITY = YES_AGGRESSIVE;
				CLANG_WARN_UNREACHABLE_CODE = YES;
				CLANG_WARN__DUPLICATE_METHOD_MATCH = YES;
				COPY_PHASE_STRIP = NO;
				DEBUG_INFORMATION_FORMAT = "dwarf-with-dsym";
				ENABLE_NS_ASSERTIONS = NO;
				ENABLE_STRICT_OBJC_MSGSEND = YES;
				GCC_C_LANGUAGE_STANDARD = gnu11;
				GCC_NO_COMMON_BLOCKS = YES;
				GCC_WARN_64_TO_32_BIT_CONVERSION = YES;
				GCC_WARN_ABOUT_RETURN_TYPE = YES_ERROR;
				GCC_WARN_UNDECLARED_SELECTOR = YES;
				GCC_WARN_UNINITIALIZED_AUTOS = YES_AGGRESSIVE;
				GCC_WARN_UNUSED_FUNCTION = YES;
				GCC_WARN_UNUSED_VARIABLE = YES;
				MACOSX_DEPLOYMENT_TARGET = 11.1;
				MTL_ENABLE_DEBUG_INFO = NO;
				MTL_FAST_MATH = YES;
				SDKROOT = macosx;
				SWIFT_COMPILATION_MODE = wholemodule;
				SWIFT_OPTIMIZATION_LEVEL = "-O";
			};
			name = Release;
		};
		AE4BA9EB25F82094000F8948 /* Debug */ = {
			isa = XCBuildConfiguration;
			buildSettings = {
				CODE_SIGN_STYLE = Automatic;
				PRODUCT_NAME = "$(TARGET_NAME)";
				SWIFT_VERSION = 5.0;
			};
			name = Debug;
		};
		AE4BA9EC25F82094000F8948 /* Release */ = {
			isa = XCBuildConfiguration;
			buildSettings = {
				CODE_SIGN_STYLE = Automatic;
				PRODUCT_NAME = "$(TARGET_NAME)";
				SWIFT_VERSION = 5.0;
			};
			name = Release;
		};
/* End XCBuildConfiguration section */

/* Begin XCConfigurationList section */
		AE4BA9DE25F82094000F8948 /* Build configuration list for PBXProject "Algorithm&DataStructures" */ = {
			isa = XCConfigurationList;
			buildConfigurations = (
				AE4BA9E825F82094000F8948 /* Debug */,
				AE4BA9E925F82094000F8948 /* Release */,
			);
			defaultConfigurationIsVisible = 0;
			defaultConfigurationName = Release;
		};
		AE4BA9EA25F82094000F8948 /* Build configuration list for PBXNativeTarget "Algorithm&DataStructures" */ = {
			isa = XCConfigurationList;
			buildConfigurations = (
				AE4BA9EB25F82094000F8948 /* Debug */,
				AE4BA9EC25F82094000F8948 /* Release */,
			);
			defaultConfigurationIsVisible = 0;
			defaultConfigurationName = Release;
		};
/* End XCConfigurationList section */
	};
	rootObject = AE4BA9DB25F82094000F8948 /* Project object */;
}
